
Microsoft Visual Studio Solution File, Format Version 12.00
# Visual Studio Version 17
VisualStudioVersion = 17.0.31903.59
MinimumVisualStudioVersion = 10.0.40219.1
Project("{2150E333-8FDC-42A3-9474-1A3956D46DE8}") = "src", "src", "{608F90EA-78F7-4AB0-9D8F-6727C47D3514}"
EndProject
Project("{FAE04EC0-301F-11D3-BF4B-00C04F79EFBC}") = "ClaudeAudioCue", "src\ClaudeAudioCue\ClaudeAudioCue.csproj", "{08DEDECE-D06F-4524-85AE-17BB3D51BFC3}"
EndProject
Global
	GlobalSection(SolutionConfigurationPlatforms) = preSolution
		Debug|Any CPU = Debug|Any CPU
		Release|Any CPU = Release|Any CPU
	EndGlobalSection
	GlobalSection(SolutionProperties) = preSolution
		HideSolutionNode = FALSE
	EndGlobalSection
	GlobalSection(ProjectConfigurationPlatforms) = postSolution
		{08DEDECE-D06F-4524-85AE-17BB3D51BFC3}.Debug|Any CPU.ActiveCfg = Debug|Any CPU
		{08DEDECE-D06F-4524-85AE-17BB3D51BFC3}.Debug|Any CPU.Build.0 = Debug|Any CPU
		{08DEDECE-D06F-4524-85AE-17BB3D51BFC3}.Release|Any CPU.ActiveCfg = Release|Any CPU
		{08DEDECE-D06F-4524-85AE-17BB3D51BFC3}.Release|Any CPU.Build.0 = Release|Any CPU
	EndGlobalSection
	GlobalSection(NestedProjects) = preSolution
		{08DEDECE-D06F-4524-85AE-17BB3D51BFC3} = {608F90EA-78F7-4AB0-9D8F-6727C47D3514}
	EndGlobalSection
EndGlobal
